
Microsoft Visual Studio Solution File, Format Version 12.00
# Visual Studio Version 17
VisualStudioVersion = 17.0.31903.59
MinimumVisualStudioVersion = 10.0.40219.1
Project("{FAE04EC0-301F-11D3-BF4B-00C04F79EFBC}") = "App", "Design-Patterns\App.csproj", "{33CFE9D0-84F4-43DA-AEDD-5E5855FC54DB}"
EndProject
Project("{2150E333-8FDC-42A3-9474-1A3956D46DE8}") = "Creational", "Creational", "{BCFE446A-A016-42B2-820E-E92D055FA84D}"
EndProject
Project("{2150E333-8FDC-42A3-9474-1A3956D46DE8}") = "Structural", "Structural", "{9822C46F-2CED-49E0-B174-E08EB7499C91}"
EndProject
Project("{2150E333-8FDC-42A3-9474-1A3956D46DE8}") = "Behavioral", "Behavioral", "{212779AB-22CF-4990-AC12-AD134466BD4C}"
EndProject
Project("{FAE04EC0-301F-11D3-BF4B-00C04F79EFBC}") = "Domain", "Domain\Domain.csproj", "{AD9ACD1E-9B59-4568-8C21-4E429A1C0426}"
EndProject
Project("{9A19103F-16F7-4668-BE54-9A1E7A4F7556}") = "ChainOfResponsibility", "ChainOfResponsibility\ChainOfResponsibility.csproj", "{1CED0EE4-3684-4280-85F1-DA40664A8B04}"
EndProject
Project("{9A19103F-16F7-4668-BE54-9A1E7A4F7556}") = "AbstractFactory", "AbstractFactory\AbstractFactory.csproj", "{C6DB1956-BBF4-4B98-AE6C-B0EC4CE66EA5}"
EndProject
Project("{9A19103F-16F7-4668-BE54-9A1E7A4F7556}") = "Factory", "Factory\Factory.csproj", "{6FBC2507-9172-4661-A66C-8EA41A0F89A0}"
EndProject
Project("{9A19103F-16F7-4668-BE54-9A1E7A4F7556}") = "Adapter", "Adapter\Adapter.csproj", "{7C01DE1E-1E7E-4C80-837F-DF6BA17FBF85}"
EndProject
Project("{9A19103F-16F7-4668-BE54-9A1E7A4F7556}") = "Command", "Command\Command.csproj", "{7DECC561-5F79-4C2D-8681-FA384171B006}"
EndProject
Project("{9A19103F-16F7-4668-BE54-9A1E7A4F7556}") = "Iterator", "Iterator\Iterator.csproj", "{30B3135D-2741-46B5-8118-997075F72B8C}"
EndProject
Project("{9A19103F-16F7-4668-BE54-9A1E7A4F7556}") = "Mediator", "Mediator\Mediator.csproj", "{043D4189-3B03-4980-AD0F-9869D6764BE9}"
EndProject
Project("{9A19103F-16F7-4668-BE54-9A1E7A4F7556}") = "Memento", "Memento\Memento.csproj", "{1E6E125F-3FCF-4A75-B488-12D5A6A7E127}"
EndProject
Global
	GlobalSection(SolutionConfigurationPlatforms) = preSolution
		Debug|Any CPU = Debug|Any CPU
		Release|Any CPU = Release|Any CPU
	EndGlobalSection
	GlobalSection(ProjectConfigurationPlatforms) = postSolution
		{33CFE9D0-84F4-43DA-AEDD-5E5855FC54DB}.Debug|Any CPU.ActiveCfg = Debug|Any CPU
		{33CFE9D0-84F4-43DA-AEDD-5E5855FC54DB}.Debug|Any CPU.Build.0 = Debug|Any CPU
		{33CFE9D0-84F4-43DA-AEDD-5E5855FC54DB}.Release|Any CPU.ActiveCfg = Release|Any CPU
		{33CFE9D0-84F4-43DA-AEDD-5E5855FC54DB}.Release|Any CPU.Build.0 = Release|Any CPU
		{AD9ACD1E-9B59-4568-8C21-4E429A1C0426}.Debug|Any CPU.ActiveCfg = Debug|Any CPU
		{AD9ACD1E-9B59-4568-8C21-4E429A1C0426}.Debug|Any CPU.Build.0 = Debug|Any CPU
		{AD9ACD1E-9B59-4568-8C21-4E429A1C0426}.Release|Any CPU.ActiveCfg = Release|Any CPU
		{AD9ACD1E-9B59-4568-8C21-4E429A1C0426}.Release|Any CPU.Build.0 = Release|Any CPU
		{1CED0EE4-3684-4280-85F1-DA40664A8B04}.Debug|Any CPU.ActiveCfg = Debug|Any CPU
		{1CED0EE4-3684-4280-85F1-DA40664A8B04}.Debug|Any CPU.Build.0 = Debug|Any CPU
		{1CED0EE4-3684-4280-85F1-DA40664A8B04}.Release|Any CPU.ActiveCfg = Release|Any CPU
		{1CED0EE4-3684-4280-85F1-DA40664A8B04}.Release|Any CPU.Build.0 = Release|Any CPU
		{C6DB1956-BBF4-4B98-AE6C-B0EC4CE66EA5}.Debug|Any CPU.ActiveCfg = Debug|Any CPU
		{C6DB1956-BBF4-4B98-AE6C-B0EC4CE66EA5}.Debug|Any CPU.Build.0 = Debug|Any CPU
		{C6DB1956-BBF4-4B98-AE6C-B0EC4CE66EA5}.Release|Any CPU.ActiveCfg = Release|Any CPU
		{C6DB1956-BBF4-4B98-AE6C-B0EC4CE66EA5}.Release|Any CPU.Build.0 = Release|Any CPU
		{6FBC2507-9172-4661-A66C-8EA41A0F89A0}.Debug|Any CPU.ActiveCfg = Debug|Any CPU
		{6FBC2507-9172-4661-A66C-8EA41A0F89A0}.Debug|Any CPU.Build.0 = Debug|Any CPU
		{6FBC2507-9172-4661-A66C-8EA41A0F89A0}.Release|Any CPU.ActiveCfg = Release|Any CPU
		{6FBC2507-9172-4661-A66C-8EA41A0F89A0}.Release|Any CPU.Build.0 = Release|Any CPU
		{7C01DE1E-1E7E-4C80-837F-DF6BA17FBF85}.Debug|Any CPU.ActiveCfg = Debug|Any CPU
		{7C01DE1E-1E7E-4C80-837F-DF6BA17FBF85}.Debug|Any CPU.Build.0 = Debug|Any CPU
		{7C01DE1E-1E7E-4C80-837F-DF6BA17FBF85}.Release|Any CPU.ActiveCfg = Release|Any CPU
		{7C01DE1E-1E7E-4C80-837F-DF6BA17FBF85}.Release|Any CPU.Build.0 = Release|Any CPU
		{7DECC561-5F79-4C2D-8681-FA384171B006}.Debug|Any CPU.ActiveCfg = Debug|Any CPU
		{7DECC561-5F79-4C2D-8681-FA384171B006}.Debug|Any CPU.Build.0 = Debug|Any CPU
		{7DECC561-5F79-4C2D-8681-FA384171B006}.Release|Any CPU.ActiveCfg = Release|Any CPU
		{7DECC561-5F79-4C2D-8681-FA384171B006}.Release|Any CPU.Build.0 = Release|Any CPU
		{30B3135D-2741-46B5-8118-997075F72B8C}.Debug|Any CPU.ActiveCfg = Debug|Any CPU
		{30B3135D-2741-46B5-8118-997075F72B8C}.Debug|Any CPU.Build.0 = Debug|Any CPU
		{30B3135D-2741-46B5-8118-997075F72B8C}.Release|Any CPU.ActiveCfg = Release|Any CPU
		{30B3135D-2741-46B5-8118-997075F72B8C}.Release|Any CPU.Build.0 = Release|Any CPU
		{043D4189-3B03-4980-AD0F-9869D6764BE9}.Debug|Any CPU.ActiveCfg = Debug|Any CPU
		{043D4189-3B03-4980-AD0F-9869D6764BE9}.Debug|Any CPU.Build.0 = Debug|Any CPU
		{043D4189-3B03-4980-AD0F-9869D6764BE9}.Release|Any CPU.ActiveCfg = Release|Any CPU
		{043D4189-3B03-4980-AD0F-9869D6764BE9}.Release|Any CPU.Build.0 = Release|Any CPU
		{1E6E125F-3FCF-4A75-B488-12D5A6A7E127}.Debug|Any CPU.ActiveCfg = Debug|Any CPU
		{1E6E125F-3FCF-4A75-B488-12D5A6A7E127}.Debug|Any CPU.Build.0 = Debug|Any CPU
		{1E6E125F-3FCF-4A75-B488-12D5A6A7E127}.Release|Any CPU.ActiveCfg = Release|Any CPU
		{1E6E125F-3FCF-4A75-B488-12D5A6A7E127}.Release|Any CPU.Build.0 = Release|Any CPU
	EndGlobalSection
	GlobalSection(SolutionProperties) = preSolution
		HideSolutionNode = FALSE
	EndGlobalSection
	GlobalSection(NestedProjects) = preSolution
		{1CED0EE4-3684-4280-85F1-DA40664A8B04} = {212779AB-22CF-4990-AC12-AD134466BD4C}
		{C6DB1956-BBF4-4B98-AE6C-B0EC4CE66EA5} = {BCFE446A-A016-42B2-820E-E92D055FA84D}
		{6FBC2507-9172-4661-A66C-8EA41A0F89A0} = {BCFE446A-A016-42B2-820E-E92D055FA84D}
		{7C01DE1E-1E7E-4C80-837F-DF6BA17FBF85} = {9822C46F-2CED-49E0-B174-E08EB7499C91}
		{7DECC561-5F79-4C2D-8681-FA384171B006} = {212779AB-22CF-4990-AC12-AD134466BD4C}
		{30B3135D-2741-46B5-8118-997075F72B8C} = {212779AB-22CF-4990-AC12-AD134466BD4C}
		{043D4189-3B03-4980-AD0F-9869D6764BE9} = {212779AB-22CF-4990-AC12-AD134466BD4C}
		{1E6E125F-3FCF-4A75-B488-12D5A6A7E127} = {212779AB-22CF-4990-AC12-AD134466BD4C}
	EndGlobalSection
	GlobalSection(ExtensibilityGlobals) = postSolution
		SolutionGuid = {2A3D1416-A30B-4C9C-9C89-FCFCF32D2BEA}
	EndGlobalSection
EndGlobal
